// !$*UTF8*$!
{
	archiveVersion = 1;
	classes = {
	};
	objectVersion = 46;
	objects = {

/* Begin PBXBuildFile section */
		03A8DA9B199470DC00D21C48 /* AnyObject.m in Sources */ = {isa = PBXBuildFile; fileRef = 03A8DA9A199470DC00D21C48 /* AnyObject.m */; };
		03B0EDC21993402700CD996A /* Foundation.framework in Frameworks */ = {isa = PBXBuildFile; fileRef = 03B0EDC11993402700CD996A /* Foundation.framework */; };
		03B0EDC41993402700CD996A /* CoreGraphics.framework in Frameworks */ = {isa = PBXBuildFile; fileRef = 03B0EDC31993402700CD996A /* CoreGraphics.framework */; };
		03B0EDC61993402700CD996A /* UIKit.framework in Frameworks */ = {isa = PBXBuildFile; fileRef = 03B0EDC51993402700CD996A /* UIKit.framework */; };
		03B0EDCC1993402700CD996A /* InfoPlist.strings in Resources */ = {isa = PBXBuildFile; fileRef = 03B0EDCA1993402700CD996A /* InfoPlist.strings */; };
		03B0EDCE1993402700CD996A /* main.m in Sources */ = {isa = PBXBuildFile; fileRef = 03B0EDCD1993402700CD996A /* main.m */; };
		03B0EDD21993402700CD996A /* AppDelegate.m in Sources */ = {isa = PBXBuildFile; fileRef = 03B0EDD11993402700CD996A /* AppDelegate.m */; };
		03B0EDD41993402700CD996A /* Images.xcassets in Resources */ = {isa = PBXBuildFile; fileRef = 03B0EDD31993402700CD996A /* Images.xcassets */; };
		03B0EDDB1993402700CD996A /* XCTest.framework in Frameworks */ = {isa = PBXBuildFile; fileRef = 03B0EDDA1993402700CD996A /* XCTest.framework */; };
		03B0EDDC1993402700CD996A /* Foundation.framework in Frameworks */ = {isa = PBXBuildFile; fileRef = 03B0EDC11993402700CD996A /* Foundation.framework */; };
		03B0EDDD1993402700CD996A /* UIKit.framework in Frameworks */ = {isa = PBXBuildFile; fileRef = 03B0EDC51993402700CD996A /* UIKit.framework */; };
		03B0EDE51993402700CD996A /* InfoPlist.strings in Resources */ = {isa = PBXBuildFile; fileRef = 03B0EDE31993402700CD996A /* InfoPlist.strings */; };
		03B0EDE71993402700CD996A /* KJSimpleCacheTests.m in Sources */ = {isa = PBXBuildFile; fileRef = 03B0EDE61993402700CD996A /* KJSimpleCacheTests.m */; };
		03B0EDF21993404000CD996A /* KJSimpleCache.m in Sources */ = {isa = PBXBuildFile; fileRef = 03B0EDF11993404000CD996A /* KJSimpleCache.m */; };
/* End PBXBuildFile section */

/* Begin PBXContainerItemProxy section */
		03B0EDDE1993402700CD996A /* PBXContainerItemProxy */ = {
			isa = PBXContainerItemProxy;
			containerPortal = 03B0EDB61993402600CD996A /* Project object */;
			proxyType = 1;
			remoteGlobalIDString = 03B0EDBD1993402600CD996A;
			remoteInfo = KJSimpleCache;
		};
/* End PBXContainerItemProxy section */

/* Begin PBXFileReference section */
		03A8DA99199470DC00D21C48 /* AnyObject.h */ = {isa = PBXFileReference; fileEncoding = 4; lastKnownFileType = sourcecode.c.h; path = AnyObject.h; sourceTree = "<group>"; };
		03A8DA9A199470DC00D21C48 /* AnyObject.m */ = {isa = PBXFileReference; fileEncoding = 4; lastKnownFileType = sourcecode.c.objc; path = AnyObject.m; sourceTree = "<group>"; };
		03B0EDBE1993402600CD996A /* KJSimpleCache.app */ = {isa = PBXFileReference; explicitFileType = wrapper.application; includeInIndex = 0; path = KJSimpleCache.app; sourceTree = BUILT_PRODUCTS_DIR; };
		03B0EDC11993402700CD996A /* Foundation.framework */ = {isa = PBXFileReference; lastKnownFileType = wrapper.framework; name = Foundation.framework; path = System/Library/Frameworks/Foundation.framework; sourceTree = SDKROOT; };
		03B0EDC31993402700CD996A /* CoreGraphics.framework */ = {isa = PBXFileReference; lastKnownFileType = wrapper.framework; name = CoreGraphics.framework; path = System/Library/Frameworks/CoreGraphics.framework; sourceTree = SDKROOT; };
		03B0EDC51993402700CD996A /* UIKit.framework */ = {isa = PBXFileReference; lastKnownFileType = wrapper.framework; name = UIKit.framework; path = System/Library/Frameworks/UIKit.framework; sourceTree = SDKROOT; };
		03B0EDC91993402700CD996A /* KJSimpleCache-Info.plist */ = {isa = PBXFileReference; lastKnownFileType = text.plist.xml; path = "KJSimpleCache-Info.plist"; sourceTree = "<group>"; };
		03B0EDCB1993402700CD996A /* en */ = {isa = PBXFileReference; lastKnownFileType = text.plist.strings; name = en; path = en.lproj/InfoPlist.strings; sourceTree = "<group>"; };
		03B0EDCD1993402700CD996A /* main.m */ = {isa = PBXFileReference; lastKnownFileType = sourcecode.c.objc; path = main.m; sourceTree = "<group>"; };
		03B0EDCF1993402700CD996A /* KJSimpleCache-Prefix.pch */ = {isa = PBXFileReference; lastKnownFileType = sourcecode.c.h; path = "KJSimpleCache-Prefix.pch"; sourceTree = "<group>"; };
		03B0EDD01993402700CD996A /* AppDelegate.h */ = {isa = PBXFileReference; lastKnownFileType = sourcecode.c.h; path = AppDelegate.h; sourceTree = "<group>"; };
		03B0EDD11993402700CD996A /* AppDelegate.m */ = {isa = PBXFileReference; lastKnownFileType = sourcecode.c.objc; path = AppDelegate.m; sourceTree = "<group>"; };
		03B0EDD31993402700CD996A /* Images.xcassets */ = {isa = PBXFileReference; lastKnownFileType = folder.assetcatalog; path = Images.xcassets; sourceTree = "<group>"; };
		03B0EDD91993402700CD996A /* KJSimpleCacheTests.xctest */ = {isa = PBXFileReference; explicitFileType = wrapper.cfbundle; includeInIndex = 0; path = KJSimpleCacheTests.xctest; sourceTree = BUILT_PRODUCTS_DIR; };
		03B0EDDA1993402700CD996A /* XCTest.framework */ = {isa = PBXFileReference; lastKnownFileType = wrapper.framework; name = XCTest.framework; path = Library/Frameworks/XCTest.framework; sourceTree = DEVELOPER_DIR; };
		03B0EDE21993402700CD996A /* KJSimpleCacheTests-Info.plist */ = {isa = PBXFileReference; lastKnownFileType = text.plist.xml; path = "KJSimpleCacheTests-Info.plist"; sourceTree = "<group>"; };
		03B0EDE41993402700CD996A /* en */ = {isa = PBXFileReference; lastKnownFileType = text.plist.strings; name = en; path = en.lproj/InfoPlist.strings; sourceTree = "<group>"; };
		03B0EDE61993402700CD996A /* KJSimpleCacheTests.m */ = {isa = PBXFileReference; lastKnownFileType = sourcecode.c.objc; path = KJSimpleCacheTests.m; sourceTree = "<group>"; };
		03B0EDF01993404000CD996A /* KJSimpleCache.h */ = {isa = PBXFileReference; fileEncoding = 4; lastKnownFileType = sourcecode.c.h; path = KJSimpleCache.h; sourceTree = "<group>"; };
		03B0EDF11993404000CD996A /* KJSimpleCache.m */ = {isa = PBXFileReference; fileEncoding = 4; lastKnownFileType = sourcecode.c.objc; path = KJSimpleCache.m; sourceTree = "<group>"; };
/* End PBXFileReference section */

/* Begin PBXFrameworksBuildPhase section */
		03B0EDBB1993402600CD996A /* Frameworks */ = {
			isa = PBXFrameworksBuildPhase;
			buildActionMask = 2147483647;
			files = (
				03B0EDC41993402700CD996A /* CoreGraphics.framework in Frameworks */,
				03B0EDC61993402700CD996A /* UIKit.framework in Frameworks */,
				03B0EDC21993402700CD996A /* Foundation.framework in Frameworks */,
			);
			runOnlyForDeploymentPostprocessing = 0;
		};
		03B0EDD61993402700CD996A /* Frameworks */ = {
			isa = PBXFrameworksBuildPhase;
			buildActionMask = 2147483647;
			files = (
				03B0EDDB1993402700CD996A /* XCTest.framework in Frameworks */,
				03B0EDDD1993402700CD996A /* UIKit.framework in Frameworks */,
				03B0EDDC1993402700CD996A /* Foundation.framework in Frameworks */,
			);
			runOnlyForDeploymentPostprocessing = 0;
		};
/* End PBXFrameworksBuildPhase section */

/* Begin PBXGroup section */
		03B0EDB51993402600CD996A = {
			isa = PBXGroup;
			children = (
				03B0EDC71993402700CD996A /* KJSimpleCache */,
				03B0EDE01993402700CD996A /* KJSimpleCacheTests */,
				03B0EDC01993402600CD996A /* Frameworks */,
				03B0EDBF1993402600CD996A /* Products */,
			);
			sourceTree = "<group>";
		};
		03B0EDBF1993402600CD996A /* Products */ = {
			isa = PBXGroup;
			children = (
				03B0EDBE1993402600CD996A /* KJSimpleCache.app */,
				03B0EDD91993402700CD996A /* KJSimpleCacheTests.xctest */,
			);
			name = Products;
			sourceTree = "<group>";
		};
		03B0EDC01993402600CD996A /* Frameworks */ = {
			isa = PBXGroup;
			children = (
				03B0EDC11993402700CD996A /* Foundation.framework */,
				03B0EDC31993402700CD996A /* CoreGraphics.framework */,
				03B0EDC51993402700CD996A /* UIKit.framework */,
				03B0EDDA1993402700CD996A /* XCTest.framework */,
			);
			name = Frameworks;
			sourceTree = "<group>";
		};
		03B0EDC71993402700CD996A /* KJSimpleCache */ = {
			isa = PBXGroup;
			children = (
				03A8DA99199470DC00D21C48 /* AnyObject.h */,
				03A8DA9A199470DC00D21C48 /* AnyObject.m */,
				03B0EDF01993404000CD996A /* KJSimpleCache.h */,
				03B0EDF11993404000CD996A /* KJSimpleCache.m */,
				03B0EDD01993402700CD996A /* AppDelegate.h */,
				03B0EDD11993402700CD996A /* AppDelegate.m */,
				03B0EDD31993402700CD996A /* Images.xcassets */,
				03B0EDC81993402700CD996A /* Supporting Files */,
			);
			path = KJSimpleCache;
			sourceTree = "<group>";
		};
		03B0EDC81993402700CD996A /* Supporting Files */ = {
			isa = PBXGroup;
			children = (
				03B0EDC91993402700CD996A /* KJSimpleCache-Info.plist */,
				03B0EDCA1993402700CD996A /* InfoPlist.strings */,
				03B0EDCD1993402700CD996A /* main.m */,
				03B0EDCF1993402700CD996A /* KJSimpleCache-Prefix.pch */,
			);
			name = "Supporting Files";
			sourceTree = "<group>";
		};
		03B0EDE01993402700CD996A /* KJSimpleCacheTests */ = {
			isa = PBXGroup;
			children = (
				03B0EDE61993402700CD996A /* KJSimpleCacheTests.m */,
				03B0EDE11993402700CD996A /* Supporting Files */,
			);
			path = KJSimpleCacheTests;
			sourceTree = "<group>";
		};
		03B0EDE11993402700CD996A /* Supporting Files */ = {
			isa = PBXGroup;
			children = (
				03B0EDE21993402700CD996A /* KJSimpleCacheTests-Info.plist */,
				03B0EDE31993402700CD996A /* InfoPlist.strings */,
			);
			name = "Supporting Files";
			sourceTree = "<group>";
		};
/* End PBXGroup section */

/* Begin PBXNativeTarget section */
		03B0EDBD1993402600CD996A /* KJSimpleCache */ = {
			isa = PBXNativeTarget;
			buildConfigurationList = 03B0EDEA1993402700CD996A /* Build configuration list for PBXNativeTarget "KJSimpleCache" */;
			buildPhases = (
				03B0EDBA1993402600CD996A /* Sources */,
				03B0EDBB1993402600CD996A /* Frameworks */,
				03B0EDBC1993402600CD996A /* Resources */,
			);
			buildRules = (
			);
			dependencies = (
			);
			name = KJSimpleCache;
			productName = KJSimpleCache;
			productReference = 03B0EDBE1993402600CD996A /* KJSimpleCache.app */;
			productType = "com.apple.product-type.application";
		};
		03B0EDD81993402700CD996A /* KJSimpleCacheTests */ = {
			isa = PBXNativeTarget;
			buildConfigurationList = 03B0EDED1993402700CD996A /* Build configuration list for PBXNativeTarget "KJSimpleCacheTests" */;
			buildPhases = (
				03B0EDD51993402700CD996A /* Sources */,
				03B0EDD61993402700CD996A /* Frameworks */,
				03B0EDD71993402700CD996A /* Resources */,
			);
			buildRules = (
			);
			dependencies = (
				03B0EDDF1993402700CD996A /* PBXTargetDependency */,
			);
			name = KJSimpleCacheTests;
			productName = KJSimpleCacheTests;
			productReference = 03B0EDD91993402700CD996A /* KJSimpleCacheTests.xctest */;
			productType = "com.apple.product-type.bundle.unit-test";
		};
/* End PBXNativeTarget section */

/* Begin PBXProject section */
		03B0EDB61993402600CD996A /* Project object */ = {
			isa = PBXProject;
			attributes = {
				LastUpgradeCheck = 0510;
				ORGANIZATIONNAME = chesterlee;
				TargetAttributes = {
					03B0EDD81993402700CD996A = {
						TestTargetID = 03B0EDBD1993402600CD996A;
					};
				};
			};
			buildConfigurationList = 03B0EDB91993402600CD996A /* Build configuration list for PBXProject "KJSimpleCache" */;
			compatibilityVersion = "Xcode 3.2";
			developmentRegion = English;
			hasScannedForEncodings = 0;
			knownRegions = (
				en,
			);
			mainGroup = 03B0EDB51993402600CD996A;
			productRefGroup = 03B0EDBF1993402600CD996A /* Products */;
			projectDirPath = "";
			projectRoot = "";
			targets = (
				03B0EDBD1993402600CD996A /* KJSimpleCache */,
				03B0EDD81993402700CD996A /* KJSimpleCacheTests */,
			);
		};
/* End PBXProject section */

/* Begin PBXResourcesBuildPhase section */
		03B0EDBC1993402600CD996A /* Resources */ = {
			isa = PBXResourcesBuildPhase;
			buildActionMask = 2147483647;
			files = (
				03B0EDCC1993402700CD996A /* InfoPlist.strings in Resources */,
				03B0EDD41993402700CD996A /* Images.xcassets in Resources */,
			);
			runOnlyForDeploymentPostprocessing = 0;
		};
		03B0EDD71993402700CD996A /* Resources */ = {
			isa = PBXResourcesBuildPhase;
			buildActionMask = 2147483647;
			files = (
				03B0EDE51993402700CD996A /* InfoPlist.strings in Resources */,
			);
			runOnlyForDeploymentPostprocessing = 0;
		};
/* End PBXResourcesBuildPhase section */

/* Begin PBXSourcesBuildPhase section */
		03B0EDBA1993402600CD996A /* Sources */ = {
			isa = PBXSourcesBuildPhase;
			buildActionMask = 2147483647;
			files = (
				03B0EDD21993402700CD996A /* AppDelegate.m in Sources */,
				03B0EDF21993404000CD996A /* KJSimpleCache.m in Sources */,
				03A8DA9B199470DC00D21C48 /* AnyObject.m in Sources */,
				03B0EDCE1993402700CD996A /* main.m in Sources */,
			);
			runOnlyForDeploymentPostprocessing = 0;
		};
		03B0EDD51993402700CD996A /* Sources */ = {
			isa = PBXSourcesBuildPhase;
			buildActionMask = 2147483647;
			files = (
				03B0EDE71993402700CD996A /* KJSimpleCacheTests.m in Sources */,
			);
			runOnlyForDeploymentPostprocessing = 0;
		};
/* End PBXSourcesBuildPhase section */

/* Begin PBXTargetDependency section */
		03B0EDDF1993402700CD996A /* PBXTargetDependency */ = {
			isa = PBXTargetDependency;
			target = 03B0EDBD1993402600CD996A /* KJSimpleCache */;
			targetProxy = 03B0EDDE1993402700CD996A /* PBXContainerItemProxy */;
		};
/* End PBXTargetDependency section */

/* Begin PBXVariantGroup section */
		03B0EDCA1993402700CD996A /* InfoPlist.strings */ = {
			isa = PBXVariantGroup;
			children = (
				03B0EDCB1993402700CD996A /* en */,
			);
			name = InfoPlist.strings;
			sourceTree = "<group>";
		};
		03B0EDE31993402700CD996A /* InfoPlist.strings */ = {
			isa = PBXVariantGroup;
			children = (
				03B0EDE41993402700CD996A /* en */,
			);
			name = InfoPlist.strings;
			sourceTree = "<group>";
		};
/* End PBXVariantGroup section */

/* Begin XCBuildConfiguration section */
		03B0EDE81993402700CD996A /* Debug */ = {
			isa = XCBuildConfiguration;
			buildSettings = {
				ALWAYS_SEARCH_USER_PATHS = NO;
				CLANG_CXX_LANGUAGE_STANDARD = "gnu++0x";
				CLANG_CXX_LIBRARY = "libc++";
				CLANG_ENABLE_MODULES = YES;
				CLANG_ENABLE_OBJC_ARC = YES;
				CLANG_WARN_BOOL_CONVERSION = YES;
				CLANG_WARN_CONSTANT_CONVERSION = YES;
				CLANG_WARN_DIRECT_OBJC_ISA_USAGE = YES_ERROR;
				CLANG_WARN_EMPTY_BODY = YES;
				CLANG_WARN_ENUM_CONVERSION = YES;
				CLANG_WARN_INT_CONVERSION = YES;
				CLANG_WARN_OBJC_ROOT_CLASS = YES_ERROR;
				CLANG_WARN__DUPLICATE_METHOD_MATCH = YES;
				"CODE_SIGN_IDENTITY[sdk=iphoneos*]" = "iPhone Developer";
				COPY_PHASE_STRIP = NO;
				GCC_C_LANGUAGE_STANDARD = gnu99;
				GCC_DYNAMIC_NO_PIC = NO;
				GCC_OPTIMIZATION_LEVEL = 0;
				GCC_PREPROCESSOR_DEFINITIONS = (
					"DEBUG=1",
					"$(inherited)",
				);
				GCC_SYMBOLS_PRIVATE_EXTERN = NO;
				GCC_WARN_64_TO_32_BIT_CONVERSION = YES;
				GCC_WARN_ABOUT_RETURN_TYPE = YES_ERROR;
				GCC_WARN_UNDECLARED_SELECTOR = YES;
				GCC_WARN_UNINITIALIZED_AUTOS = YES_AGGRESSIVE;
				GCC_WARN_UNUSED_FUNCTION = YES;
				GCC_WARN_UNUSED_VARIABLE = YES;
				IPHONEOS_DEPLOYMENT_TARGET = 7.1;
				ONLY_ACTIVE_ARCH = YES;
				SDKROOT = iphoneos;
				TARGETED_DEVICE_FAMILY = "1,2";
			};
			name = Debug;
		};
		03B0EDE91993402700CD996A /* Release */ = {
			isa = XCBuildConfiguration;
			buildSettings = {
				ALWAYS_SEARCH_USER_PATHS = NO;
				CLANG_CXX_LANGUAGE_STANDARD = "gnu++0x";
				CLANG_CXX_LIBRARY = "libc++";
				CLANG_ENABLE_MODULES = YES;
				CLANG_ENABLE_OBJC_ARC = YES;
				CLANG_WARN_BOOL_CONVERSION = YES;
				CLANG_WARN_CONSTANT_CONVERSION = YES;
				CLANG_WARN_DIRECT_OBJC_ISA_USAGE = YES_ERROR;
				CLANG_WARN_EMPTY_BODY = YES;
				CLANG_WARN_ENUM_CONVERSION = YES;
				CLANG_WARN_INT_CONVERSION = YES;
				CLANG_WARN_OBJC_ROOT_CLASS = YES_ERROR;
				CLANG_WARN__DUPLICATE_METHOD_MATCH = YES;
				"CODE_SIGN_IDENTITY[sdk=iphoneos*]" = "iPhone Developer";
				COPY_PHASE_STRIP = YES;
				ENABLE_NS_ASSERTIONS = NO;
				GCC_C_LANGUAGE_STANDARD = gnu99;
				GCC_WARN_64_TO_32_BIT_CONVERSION = YES;
				GCC_WARN_ABOUT_RETURN_TYPE = YES_ERROR;
				GCC_WARN_UNDECLARED_SELECTOR = YES;
				GCC_WARN_UNINITIALIZED_AUTOS = YES_AGGRESSIVE;
				GCC_WARN_UNUSED_FUNCTION = YES;
				GCC_WARN_UNUSED_VARIABLE = YES;
				IPHONEOS_DEPLOYMENT_TARGET = 7.1;
				SDKROOT = iphoneos;
				TARGETED_DEVICE_FAMILY = "1,2";
				VALIDATE_PRODUCT = YES;
			};
			name = Release;
		};
		03B0EDEB1993402700CD996A /* Debug */ = {
			isa = XCBuildConfiguration;
			buildSettings = {
				ASSETCATALOG_COMPILER_APPICON_NAME = AppIcon;
				ASSETCATALOG_COMPILER_LAUNCHIMAGE_NAME = LaunchImage;
				GCC_PRECOMPILE_PREFIX_HEADER = YES;
				GCC_PREFIX_HEADER = "KJSimpleCache/KJSimpleCache-Prefix.pch";
				INFOPLIST_FILE = "KJSimpleCache/KJSimpleCache-Info.plist";
				PRODUCT_NAME = "$(TARGET_NAME)";
				WRAPPER_EXTENSION = app;
			};
			name = Debug;
		};
		03B0EDEC1993402700CD996A /* Release */ = {
			isa = XCBuildConfiguration;
			buildSettings = {
				ASSETCATALOG_COMPILER_APPICON_NAME = AppIcon;
				ASSETCATALOG_COMPILER_LAUNCHIMAGE_NAME = LaunchImage;
				GCC_PRECOMPILE_PREFIX_HEADER = YES;
				GCC_PREFIX_HEADER = "KJSimpleCache/KJSimpleCache-Prefix.pch";
				INFOPLIST_FILE = "KJSimpleCache/KJSimpleCache-Info.plist";
				PRODUCT_NAME = "$(TARGET_NAME)";
				WRAPPER_EXTENSION = app;
			};
			name = Release;
		};
		03B0EDEE1993402700CD996A /* Debug */ = {
			isa = XCBuildConfiguration;
			buildSettings = {
				BUNDLE_LOADER = "$(BUILT_PRODUCTS_DIR)/KJSimpleCache.app/KJSimpleCache";
				FRAMEWORK_SEARCH_PATHS = (
					"$(SDKROOT)/Developer/Library/Frameworks",
					"$(inherited)",
					"$(DEVELOPER_FRAMEWORKS_DIR)",
				);
				GCC_PRECOMPILE_PREFIX_HEADER = YES;
				GCC_PREFIX_HEADER = "KJSimpleCache/KJSimpleCache-Prefix.pch";
				GCC_PREPROCESSOR_DEFINITIONS = (
					"DEBUG=1",
					"$(inherited)",
				);
				INFOPLIST_FILE = "KJSimpleCacheTests/KJSimpleCacheTests-Info.plist";
				PRODUCT_NAME = "$(TARGET_NAME)";
				TEST_HOST = "$(BUNDLE_LOADER)";
				WRAPPER_EXTENSION = xctest;
			};
			name = Debug;
		};
		03B0EDEF1993402700CD996A /* Release */ = {
			isa = XCBuildConfiguration;
			buildSettings = {
				BUNDLE_LOADER = "$(BUILT_PRODUCTS_DIR)/KJSimpleCache.app/KJSimpleCache";
				FRAMEWORK_SEARCH_PATHS = (
					"$(SDKROOT)/Developer/Library/Frameworks",
					"$(inherited)",
					"$(DEVELOPER_FRAMEWORKS_DIR)",
				);
				GCC_PRECOMPILE_PREFIX_HEADER = YES;
				GCC_PREFIX_HEADER = "KJSimpleCache/KJSimpleCache-Prefix.pch";
				INFOPLIST_FILE = "KJSimpleCacheTests/KJSimpleCacheTests-Info.plist";
				PRODUCT_NAME = "$(TARGET_NAME)";
				TEST_HOST = "$(BUNDLE_LOADER)";
				WRAPPER_EXTENSION = xctest;
			};
			name = Release;
		};
/* End XCBuildConfiguration section */

/* Begin XCConfigurationList section */
		03B0EDB91993402600CD996A /* Build configuration list for PBXProject "KJSimpleCache" */ = {
			isa = XCConfigurationList;
			buildConfigurations = (
				03B0EDE81993402700CD996A /* Debug */,
				03B0EDE91993402700CD996A /* Release */,
			);
			defaultConfigurationIsVisible = 0;
			defaultConfigurationName = Release;
		};
		03B0EDEA1993402700CD996A /* Build configuration list for PBXNativeTarget "KJSimpleCache" */ = {
			isa = XCConfigurationList;
			buildConfigurations = (
				03B0EDEB1993402700CD996A /* Debug */,
				03B0EDEC1993402700CD996A /* Release */,
			);
			defaultConfigurationIsVisible = 0;
			defaultConfigurationName = Release;
		};
		03B0EDED1993402700CD996A /* Build configuration list for PBXNativeTarget "KJSimpleCacheTests" */ = {
			isa = XCConfigurationList;
			buildConfigurations = (
				03B0EDEE1993402700CD996A /* Debug */,
				03B0EDEF1993402700CD996A /* Release */,
			);
			defaultConfigurationIsVisible = 0;
			defaultConfigurationName = Release;
		};
/* End XCConfigurationList section */
	};
	rootObject = 03B0EDB61993402600CD996A /* Project object */;
}
